// !$*UTF8*$!
{
	archiveVersion = 1;
	classes = {
	};
	objectVersion = 51;
	objects = {

/* Begin PBXBuildFile section */
		4117A11824ED7FAD00EBAAD2 /* AppDelegate.swift in Sources */ = {isa = PBXBuildFile; fileRef = 4117A11724ED7FAD00EBAAD2 /* AppDelegate.swift */; };
		4117A11A24ED7FAD00EBAAD2 /* SceneDelegate.swift in Sources */ = {isa = PBXBuildFile; fileRef = 4117A11924ED7FAD00EBAAD2 /* SceneDelegate.swift */; };
		4117A11C24ED7FAD00EBAAD2 /* ViewController.swift in Sources */ = {isa = PBXBuildFile; fileRef = 4117A11B24ED7FAD00EBAAD2 /* ViewController.swift */; };
		4117A11F24ED7FAD00EBAAD2 /* Main.storyboard in Resources */ = {isa = PBXBuildFile; fileRef = 4117A11D24ED7FAD00EBAAD2 /* Main.storyboard */; };
		4117A12124ED7FAE00EBAAD2 /* Assets.xcassets in Resources */ = {isa = PBXBuildFile; fileRef = 4117A12024ED7FAE00EBAAD2 /* Assets.xcassets */; };
		4117A12424ED7FAE00EBAAD2 /* LaunchScreen.storyboard in Resources */ = {isa = PBXBuildFile; fileRef = 4117A12224ED7FAE00EBAAD2 /* LaunchScreen.storyboard */; };
		4117A12F24ED7FAE00EBAAD2 /* alamofire_testTests.swift in Sources */ = {isa = PBXBuildFile; fileRef = 4117A12E24ED7FAE00EBAAD2 /* alamofire_testTests.swift */; };
		8C4CC087EFE480D5F506DC17 /* Pods_alamofire_testTests.framework in Frameworks */ = {isa = PBXBuildFile; fileRef = 104E7EC55C9E7242C74DB5ED /* Pods_alamofire_testTests.framework */; };
		EE90407F7E47E708A49F7521 /* Pods_alamofire_test.framework in Frameworks */ = {isa = PBXBuildFile; fileRef = B55EFA054982B5807A5C7A4A /* Pods_alamofire_test.framework */; };
/* End PBXBuildFile section */

/* Begin PBXContainerItemProxy section */
		4117A12B24ED7FAE00EBAAD2 /* PBXContainerItemProxy */ = {
			isa = PBXContainerItemProxy;
			containerPortal = 4117A10C24ED7FAC00EBAAD2 /* Project object */;
			proxyType = 1;
			remoteGlobalIDString = 4117A11324ED7FAD00EBAAD2;
			remoteInfo = alamofire_test;
		};
/* End PBXContainerItemProxy section */

/* Begin PBXFileReference section */
		00A8C68DD97690BDADD35021 /* Pods-alamofire_testTests.debug.xcconfig */ = {isa = PBXFileReference; includeInIndex = 1; lastKnownFileType = text.xcconfig; name = "Pods-alamofire_testTests.debug.xcconfig"; path = "Target Support Files/Pods-alamofire_testTests/Pods-alamofire_testTests.debug.xcconfig"; sourceTree = "<group>"; };
		104E7EC55C9E7242C74DB5ED /* Pods_alamofire_testTests.framework */ = {isa = PBXFileReference; explicitFileType = wrapper.framework; includeInIndex = 0; path = Pods_alamofire_testTests.framework; sourceTree = BUILT_PRODUCTS_DIR; };
		4117A11424ED7FAD00EBAAD2 /* alamofire_test.app */ = {isa = PBXFileReference; explicitFileType = wrapper.application; includeInIndex = 0; path = alamofire_test.app; sourceTree = BUILT_PRODUCTS_DIR; };
		4117A11724ED7FAD00EBAAD2 /* AppDelegate.swift */ = {isa = PBXFileReference; lastKnownFileType = sourcecode.swift; path = AppDelegate.swift; sourceTree = "<group>"; };
		4117A11924ED7FAD00EBAAD2 /* SceneDelegate.swift */ = {isa = PBXFileReference; lastKnownFileType = sourcecode.swift; path = SceneDelegate.swift; sourceTree = "<group>"; };
		4117A11B24ED7FAD00EBAAD2 /* ViewController.swift */ = {isa = PBXFileReference; lastKnownFileType = sourcecode.swift; path = ViewController.swift; sourceTree = "<group>"; };
		4117A11E24ED7FAD00EBAAD2 /* Base */ = {isa = PBXFileReference; lastKnownFileType = file.storyboard; name = Base; path = Base.lproj/Main.storyboard; sourceTree = "<group>"; };
		4117A12024ED7FAE00EBAAD2 /* Assets.xcassets */ = {isa = PBXFileReference; lastKnownFileType = folder.assetcatalog; path = Assets.xcassets; sourceTree = "<group>"; };
		4117A12324ED7FAE00EBAAD2 /* Base */ = {isa = PBXFileReference; lastKnownFileType = file.storyboard; name = Base; path = Base.lproj/LaunchScreen.storyboard; sourceTree = "<group>"; };
		4117A12524ED7FAE00EBAAD2 /* Info.plist */ = {isa = PBXFileReference; lastKnownFileType = text.plist.xml; path = Info.plist; sourceTree = "<group>"; };
		4117A12A24ED7FAE00EBAAD2 /* alamofire_testTests.xctest */ = {isa = PBXFileReference; explicitFileType = wrapper.cfbundle; includeInIndex = 0; path = alamofire_testTests.xctest; sourceTree = BUILT_PRODUCTS_DIR; };
		4117A12E24ED7FAE00EBAAD2 /* alamofire_testTests.swift */ = {isa = PBXFileReference; lastKnownFileType = sourcecode.swift; path = alamofire_testTests.swift; sourceTree = "<group>"; };
		4117A13024ED7FAE00EBAAD2 /* Info.plist */ = {isa = PBXFileReference; lastKnownFileType = text.plist.xml; path = Info.plist; sourceTree = "<group>"; };
		412AE69E4FD2467DF0E23B61 /* Pods-alamofire_test.debug.xcconfig */ = {isa = PBXFileReference; includeInIndex = 1; lastKnownFileType = text.xcconfig; name = "Pods-alamofire_test.debug.xcconfig"; path = "Target Support Files/Pods-alamofire_test/Pods-alamofire_test.debug.xcconfig"; sourceTree = "<group>"; };
		82C72A3CED171FD6FB21B5FF /* Pods-alamofire_testTests.release.xcconfig */ = {isa = PBXFileReference; includeInIndex = 1; lastKnownFileType = text.xcconfig; name = "Pods-alamofire_testTests.release.xcconfig"; path = "Target Support Files/Pods-alamofire_testTests/Pods-alamofire_testTests.release.xcconfig"; sourceTree = "<group>"; };
		B55EFA054982B5807A5C7A4A /* Pods_alamofire_test.framework */ = {isa = PBXFileReference; explicitFileType = wrapper.framework; includeInIndex = 0; path = Pods_alamofire_test.framework; sourceTree = BUILT_PRODUCTS_DIR; };
		F5ADC93E677B7A35D6E22054 /* Pods-alamofire_test.release.xcconfig */ = {isa = PBXFileReference; includeInIndex = 1; lastKnownFileType = text.xcconfig; name = "Pods-alamofire_test.release.xcconfig"; path = "Target Support Files/Pods-alamofire_test/Pods-alamofire_test.release.xcconfig"; sourceTree = "<group>"; };
/* End PBXFileReference section */

/* Begin PBXFrameworksBuildPhase section */
		4117A11124ED7FAD00EBAAD2 /* Frameworks */ = {
			isa = PBXFrameworksBuildPhase;
			buildActionMask = 2147483647;
			files = (
				EE90407F7E47E708A49F7521 /* Pods_alamofire_test.framework in Frameworks */,
			);
			runOnlyForDeploymentPostprocessing = 0;
		};
		4117A12724ED7FAE00EBAAD2 /* Frameworks */ = {
			isa = PBXFrameworksBuildPhase;
			buildActionMask = 2147483647;
			files = (
				8C4CC087EFE480D5F506DC17 /* Pods_alamofire_testTests.framework in Frameworks */,
			);
			runOnlyForDeploymentPostprocessing = 0;
		};
/* End PBXFrameworksBuildPhase section */

/* Begin PBXGroup section */
		38CD11C3DBC10146CCEF86F5 /* Pods */ = {
			isa = PBXGroup;
			children = (
				412AE69E4FD2467DF0E23B61 /* Pods-alamofire_test.debug.xcconfig */,
				F5ADC93E677B7A35D6E22054 /* Pods-alamofire_test.release.xcconfig */,
				00A8C68DD97690BDADD35021 /* Pods-alamofire_testTests.debug.xcconfig */,
				82C72A3CED171FD6FB21B5FF /* Pods-alamofire_testTests.release.xcconfig */,
			);
			path = Pods;
			sourceTree = "<group>";
		};
		4117A10B24ED7FAC00EBAAD2 = {
			isa = PBXGroup;
			children = (
				4117A11624ED7FAD00EBAAD2 /* alamofire_test */,
				4117A12D24ED7FAE00EBAAD2 /* alamofire_testTests */,
				4117A11524ED7FAD00EBAAD2 /* Products */,
				38CD11C3DBC10146CCEF86F5 /* Pods */,
				9C46BD73064E941406F63A15 /* Frameworks */,
			);
			sourceTree = "<group>";
		};
		4117A11524ED7FAD00EBAAD2 /* Products */ = {
			isa = PBXGroup;
			children = (
				4117A11424ED7FAD00EBAAD2 /* alamofire_test.app */,
				4117A12A24ED7FAE00EBAAD2 /* alamofire_testTests.xctest */,
			);
			name = Products;
			sourceTree = "<group>";
		};
		4117A11624ED7FAD00EBAAD2 /* alamofire_test */ = {
			isa = PBXGroup;
			children = (
				4117A11724ED7FAD00EBAAD2 /* AppDelegate.swift */,
				4117A11924ED7FAD00EBAAD2 /* SceneDelegate.swift */,
				4117A11B24ED7FAD00EBAAD2 /* ViewController.swift */,
				4117A11D24ED7FAD00EBAAD2 /* Main.storyboard */,
				4117A12024ED7FAE00EBAAD2 /* Assets.xcassets */,
				4117A12224ED7FAE00EBAAD2 /* LaunchScreen.storyboard */,
				4117A12524ED7FAE00EBAAD2 /* Info.plist */,
			);
			path = alamofire_test;
			sourceTree = "<group>";
		};
		4117A12D24ED7FAE00EBAAD2 /* alamofire_testTests */ = {
			isa = PBXGroup;
			children = (
				4117A12E24ED7FAE00EBAAD2 /* alamofire_testTests.swift */,
				4117A13024ED7FAE00EBAAD2 /* Info.plist */,
			);
			path = alamofire_testTests;
			sourceTree = "<group>";
		};
		9C46BD73064E941406F63A15 /* Frameworks */ = {
			isa = PBXGroup;
			children = (
				B55EFA054982B5807A5C7A4A /* Pods_alamofire_test.framework */,
				104E7EC55C9E7242C74DB5ED /* Pods_alamofire_testTests.framework */,
			);
			name = Frameworks;
			sourceTree = "<group>";
		};
/* End PBXGroup section */

/* Begin PBXNativeTarget section */
		4117A11324ED7FAD00EBAAD2 /* alamofire_test */ = {
			isa = PBXNativeTarget;
			buildConfigurationList = 4117A13324ED7FAE00EBAAD2 /* Build configuration list for PBXNativeTarget "alamofire_test" */;
			buildPhases = (
				563ED8D28406F124069053FD /* [CP] Check Pods Manifest.lock */,
				4117A11024ED7FAD00EBAAD2 /* Sources */,
				4117A11124ED7FAD00EBAAD2 /* Frameworks */,
				4117A11224ED7FAD00EBAAD2 /* Resources */,
				381E4A24D3E8E74A613DC98E /* [CP] Embed Pods Frameworks */,
			);
			buildRules = (
			);
			dependencies = (
			);
			name = alamofire_test;
			productName = alamofire_test;
			productReference = 4117A11424ED7FAD00EBAAD2 /* alamofire_test.app */;
			productType = "com.apple.product-type.application";
		};
		4117A12924ED7FAE00EBAAD2 /* alamofire_testTests */ = {
			isa = PBXNativeTarget;
			buildConfigurationList = 4117A13624ED7FAE00EBAAD2 /* Build configuration list for PBXNativeTarget "alamofire_testTests" */;
			buildPhases = (
				8C4C4A33378328FE4D933B2F /* [CP] Check Pods Manifest.lock */,
				4117A12624ED7FAE00EBAAD2 /* Sources */,
				4117A12724ED7FAE00EBAAD2 /* Frameworks */,
				4117A12824ED7FAE00EBAAD2 /* Resources */,
			);
			buildRules = (
			);
			dependencies = (
				4117A12C24ED7FAE00EBAAD2 /* PBXTargetDependency */,
			);
			name = alamofire_testTests;
			productName = alamofire_testTests;
			productReference = 4117A12A24ED7FAE00EBAAD2 /* alamofire_testTests.xctest */;
			productType = "com.apple.product-type.bundle.unit-test";
		};
/* End PBXNativeTarget section */

/* Begin PBXProject section */
		4117A10C24ED7FAC00EBAAD2 /* Project object */ = {
			isa = PBXProject;
			attributes = {
				LastSwiftUpdateCheck = 1160;
				LastUpgradeCheck = 1160;
				ORGANIZATIONNAME = "Ali Matsumoto";
				TargetAttributes = {
					4117A11324ED7FAD00EBAAD2 = {
						CreatedOnToolsVersion = 11.6;
					};
					4117A12924ED7FAE00EBAAD2 = {
						CreatedOnToolsVersion = 11.6;
						TestTargetID = 4117A11324ED7FAD00EBAAD2;
					};
				};
			};
			buildConfigurationList = 4117A10F24ED7FAC00EBAAD2 /* Build configuration list for PBXProject "alamofire_test" */;
			compatibilityVersion = "Xcode 9.3";
			developmentRegion = en;
			hasScannedForEncodings = 0;
			knownRegions = (
				en,
				Base,
			);
			mainGroup = 4117A10B24ED7FAC00EBAAD2;
			productRefGroup = 4117A11524ED7FAD00EBAAD2 /* Products */;
			projectDirPath = "";
			projectRoot = "";
			targets = (
				4117A11324ED7FAD00EBAAD2 /* alamofire_test */,
				4117A12924ED7FAE00EBAAD2 /* alamofire_testTests */,
			);
		};
/* End PBXProject section */

/* Begin PBXResourcesBuildPhase section */
		4117A11224ED7FAD00EBAAD2 /* Resources */ = {
			isa = PBXResourcesBuildPhase;
			buildActionMask = 2147483647;
			files = (
				4117A12424ED7FAE00EBAAD2 /* LaunchScreen.storyboard in Resources */,
				4117A12124ED7FAE00EBAAD2 /* Assets.xcassets in Resources */,
				4117A11F24ED7FAD00EBAAD2 /* Main.storyboard in Resources */,
			);
			runOnlyForDeploymentPostprocessing = 0;
		};
		4117A12824ED7FAE00EBAAD2 /* Resources */ = {
			isa = PBXResourcesBuildPhase;
			buildActionMask = 2147483647;
			files = (
			);
			runOnlyForDeploymentPostprocessing = 0;
		};
/* End PBXResourcesBuildPhase section */

/* Begin PBXShellScriptBuildPhase section */
		381E4A24D3E8E74A613DC98E /* [CP] Embed Pods Frameworks */ = {
			isa = PBXShellScriptBuildPhase;
			buildActionMask = 2147483647;
			files = (
			);
			inputFileListPaths = (
				"${PODS_ROOT}/Target Support Files/Pods-alamofire_test/Pods-alamofire_test-frameworks-${CONFIGURATION}-input-files.xcfilelist",
			);
			name = "[CP] Embed Pods Frameworks";
			outputFileListPaths = (
				"${PODS_ROOT}/Target Support Files/Pods-alamofire_test/Pods-alamofire_test-frameworks-${CONFIGURATION}-output-files.xcfilelist",
			);
			runOnlyForDeploymentPostprocessing = 0;
			shellPath = /bin/sh;
			shellScript = "\"${PODS_ROOT}/Target Support Files/Pods-alamofire_test/Pods-alamofire_test-frameworks.sh\"\n";
			showEnvVarsInLog = 0;
		};
		563ED8D28406F124069053FD /* [CP] Check Pods Manifest.lock */ = {
			isa = PBXShellScriptBuildPhase;
			buildActionMask = 2147483647;
			files = (
			);
			inputFileListPaths = (
			);
			inputPaths = (
				"${PODS_PODFILE_DIR_PATH}/Podfile.lock",
				"${PODS_ROOT}/Manifest.lock",
			);
			name = "[CP] Check Pods Manifest.lock";
			outputFileListPaths = (
			);
			outputPaths = (
				"$(DERIVED_FILE_DIR)/Pods-alamofire_test-checkManifestLockResult.txt",
			);
			runOnlyForDeploymentPostprocessing = 0;
			shellPath = /bin/sh;
			shellScript = "diff \"${PODS_PODFILE_DIR_PATH}/Podfile.lock\" \"${PODS_ROOT}/Manifest.lock\" > /dev/null\nif [ $? != 0 ] ; then\n    # print error to STDERR\n    echo \"error: The sandbox is not in sync with the Podfile.lock. Run 'pod install' or update your CocoaPods installation.\" >&2\n    exit 1\nfi\n# This output is used by Xcode 'outputs' to avoid re-running this script phase.\necho \"SUCCESS\" > \"${SCRIPT_OUTPUT_FILE_0}\"\n";
			showEnvVarsInLog = 0;
		};
		8C4C4A33378328FE4D933B2F /* [CP] Check Pods Manifest.lock */ = {
			isa = PBXShellScriptBuildPhase;
			buildActionMask = 2147483647;
			files = (
			);
			inputFileListPaths = (
			);
			inputPaths = (
				"${PODS_PODFILE_DIR_PATH}/Podfile.lock",
				"${PODS_ROOT}/Manifest.lock",
			);
			name = "[CP] Check Pods Manifest.lock";
			outputFileListPaths = (
			);
			outputPaths = (
				"$(DERIVED_FILE_DIR)/Pods-alamofire_testTests-checkManifestLockResult.txt",
			);
			runOnlyForDeploymentPostprocessing = 0;
			shellPath = /bin/sh;
			shellScript = "diff \"${PODS_PODFILE_DIR_PATH}/Podfile.lock\" \"${PODS_ROOT}/Manifest.lock\" > /dev/null\nif [ $? != 0 ] ; then\n    # print error to STDERR\n    echo \"error: The sandbox is not in sync with the Podfile.lock. Run 'pod install' or update your CocoaPods installation.\" >&2\n    exit 1\nfi\n# This output is used by Xcode 'outputs' to avoid re-running this script phase.\necho \"SUCCESS\" > \"${SCRIPT_OUTPUT_FILE_0}\"\n";
			showEnvVarsInLog = 0;
		};
/* End PBXShellScriptBuildPhase section */

/* Begin PBXSourcesBuildPhase section */
		4117A11024ED7FAD00EBAAD2 /* Sources */ = {
			isa = PBXSourcesBuildPhase;
			buildActionMask = 2147483647;
			files = (
				4117A11C24ED7FAD00EBAAD2 /* ViewController.swift in Sources */,
				4117A11824ED7FAD00EBAAD2 /* AppDelegate.swift in Sources */,
				4117A11A24ED7FAD00EBAAD2 /* SceneDelegate.swift in Sources */,
			);
			runOnlyForDeploymentPostprocessing = 0;
		};
		4117A12624ED7FAE00EBAAD2 /* Sources */ = {
			isa = PBXSourcesBuildPhase;
			buildActionMask = 2147483647;
			files = (
				4117A12F24ED7FAE00EBAAD2 /* alamofire_testTests.swift in Sources */,
			);
			runOnlyForDeploymentPostprocessing = 0;
		};
/* End PBXSourcesBuildPhase section */

/* Begin PBXTargetDependency section */
		4117A12C24ED7FAE00EBAAD2 /* PBXTargetDependency */ = {
			isa = PBXTargetDependency;
			target = 4117A11324ED7FAD00EBAAD2 /* alamofire_test */;
			targetProxy = 4117A12B24ED7FAE00EBAAD2 /* PBXContainerItemProxy */;
		};
/* End PBXTargetDependency section */

/* Begin PBXVariantGroup section */
		4117A11D24ED7FAD00EBAAD2 /* Main.storyboard */ = {
			isa = PBXVariantGroup;
			children = (
				4117A11E24ED7FAD00EBAAD2 /* Base */,
			);
			name = Main.storyboard;
			sourceTree = "<group>";
		};
		4117A12224ED7FAE00EBAAD2 /* LaunchScreen.storyboard */ = {
			isa = PBXVariantGroup;
			children = (
				4117A12324ED7FAE00EBAAD2 /* Base */,
			);
			name = LaunchScreen.storyboard;
			sourceTree = "<group>";
		};
/* End PBXVariantGroup section */

/* Begin XCBuildConfiguration section */
		4117A13124ED7FAE00EBAAD2 /* Debug */ = {
			isa = XCBuildConfiguration;
			buildSettings = {
				ALWAYS_SEARCH_USER_PATHS = NO;
				CLANG_ANALYZER_NONNULL = YES;
				CLANG_ANALYZER_NUMBER_OBJECT_CONVERSION = YES_AGGRESSIVE;
				CLANG_CXX_LANGUAGE_STANDARD = "gnu++14";
				CLANG_CXX_LIBRARY = "libc++";
				CLANG_ENABLE_MODULES = YES;
				CLANG_ENABLE_OBJC_ARC = YES;
				CLANG_ENABLE_OBJC_WEAK = YES;
				CLANG_WARN_BLOCK_CAPTURE_AUTORELEASING = YES;
				CLANG_WARN_BOOL_CONVERSION = YES;
				CLANG_WARN_COMMA = YES;
				CLANG_WARN_CONSTANT_CONVERSION = YES;
				CLANG_WARN_DEPRECATED_OBJC_IMPLEMENTATIONS = YES;
				CLANG_WARN_DIRECT_OBJC_ISA_USAGE = YES_ERROR;
				CLANG_WARN_DOCUMENTATION_COMMENTS = YES;
				CLANG_WARN_EMPTY_BODY = YES;
				CLANG_WARN_ENUM_CONVERSION = YES;
				CLANG_WARN_INFINITE_RECURSION = YES;
				CLANG_WARN_INT_CONVERSION = YES;
				CLANG_WARN_NON_LITERAL_NULL_CONVERSION = YES;
				CLANG_WARN_OBJC_IMPLICIT_RETAIN_SELF = YES;
				CLANG_WARN_OBJC_LITERAL_CONVERSION = YES;
				CLANG_WARN_OBJC_ROOT_CLASS = YES_ERROR;
				CLANG_WARN_RANGE_LOOP_ANALYSIS = YES;
				CLANG_WARN_STRICT_PROTOTYPES = YES;
				CLANG_WARN_SUSPICIOUS_MOVE = YES;
				CLANG_WARN_UNGUARDED_AVAILABILITY = YES_AGGRESSIVE;
				CLANG_WARN_UNREACHABLE_CODE = YES;
				CLANG_WARN__DUPLICATE_METHOD_MATCH = YES;
				COPY_PHASE_STRIP = NO;
				DEBUG_INFORMATION_FORMAT = dwarf;
				ENABLE_STRICT_OBJC_MSGSEND = YES;
				ENABLE_TESTABILITY = YES;
				GCC_C_LANGUAGE_STANDARD = gnu11;
				GCC_DYNAMIC_NO_PIC = NO;
				GCC_NO_COMMON_BLOCKS = YES;
				GCC_OPTIMIZATION_LEVEL = 0;
				GCC_PREPROCESSOR_DEFINITIONS = (
					"DEBUG=1",
					"$(inherited)",
				);
				GCC_WARN_64_TO_32_BIT_CONVERSION = YES;
				GCC_WARN_ABOUT_RETURN_TYPE = YES_ERROR;
				GCC_WARN_UNDECLARED_SELECTOR = YES;
				GCC_WARN_UNINITIALIZED_AUTOS = YES_AGGRESSIVE;
				GCC_WARN_UNUSED_FUNCTION = YES;
				GCC_WARN_UNUSED_VARIABLE = YES;
				IPHONEOS_DEPLOYMENT_TARGET = 13.6;
				MTL_ENABLE_DEBUG_INFO = INCLUDE_SOURCE;
				MTL_FAST_MATH = YES;
				ONLY_ACTIVE_ARCH = YES;
				SDKROOT = iphoneos;
				SWIFT_ACTIVE_COMPILATION_CONDITIONS = DEBUG;
				SWIFT_OPTIMIZATION_LEVEL = "-Onone";
			};
			name = Debug;
		};
		4117A13224ED7FAE00EBAAD2 /* Release */ = {
			isa = XCBuildConfiguration;
			buildSettings = {
				ALWAYS_SEARCH_USER_PATHS = NO;
				CLANG_ANALYZER_NONNULL = YES;
				CLANG_ANALYZER_NUMBER_OBJECT_CONVERSION = YES_AGGRESSIVE;
				CLANG_CXX_LANGUAGE_STANDARD = "gnu++14";
				CLANG_CXX_LIBRARY = "libc++";
				CLANG_ENABLE_MODULES = YES;
				CLANG_ENABLE_OBJC_ARC = YES;
				CLANG_ENABLE_OBJC_WEAK = YES;
				CLANG_WARN_BLOCK_CAPTURE_AUTORELEASING = YES;
				CLANG_WARN_BOOL_CONVERSION = YES;
				CLANG_WARN_COMMA = YES;
				CLANG_WARN_CONSTANT_CONVERSION = YES;
				CLANG_WARN_DEPRECATED_OBJC_IMPLEMENTATIONS = YES;
				CLANG_WARN_DIRECT_OBJC_ISA_USAGE = YES_ERROR;
				CLANG_WARN_DOCUMENTATION_COMMENTS = YES;
				CLANG_WARN_EMPTY_BODY = YES;
				CLANG_WARN_ENUM_CONVERSION = YES;
				CLANG_WARN_INFINITE_RECURSION = YES;
				CLANG_WARN_INT_CONVERSION = YES;
				CLANG_WARN_NON_LITERAL_NULL_CONVERSION = YES;
				CLANG_WARN_OBJC_IMPLICIT_RETAIN_SELF = YES;
				CLANG_WARN_OBJC_LITERAL_CONVERSION = YES;
				CLANG_WARN_OBJC_ROOT_CLASS = YES_ERROR;
				CLANG_WARN_RANGE_LOOP_ANALYSIS = YES;
				CLANG_WARN_STRICT_PROTOTYPES = YES;
				CLANG_WARN_SUSPICIOUS_MOVE = YES;
				CLANG_WARN_UNGUARDED_AVAILABILITY = YES_AGGRESSIVE;
				CLANG_WARN_UNREACHABLE_CODE = YES;
				CLANG_WARN__DUPLICATE_METHOD_MATCH = YES;
				COPY_PHASE_STRIP = NO;
				DEBUG_INFORMATION_FORMAT = "dwarf-with-dsym";
				ENABLE_NS_ASSERTIONS = NO;
				ENABLE_STRICT_OBJC_MSGSEND = YES;
				GCC_C_LANGUAGE_STANDARD = gnu11;
				GCC_NO_COMMON_BLOCKS = YES;
				GCC_WARN_64_TO_32_BIT_CONVERSION = YES;
				GCC_WARN_ABOUT_RETURN_TYPE = YES_ERROR;
				GCC_WARN_UNDECLARED_SELECTOR = YES;
				GCC_WARN_UNINITIALIZED_AUTOS = YES_AGGRESSIVE;
				GCC_WARN_UNUSED_FUNCTION = YES;
				GCC_WARN_UNUSED_VARIABLE = YES;
				IPHONEOS_DEPLOYMENT_TARGET = 13.6;
				MTL_ENABLE_DEBUG_INFO = NO;
				MTL_FAST_MATH = YES;
				SDKROOT = iphoneos;
				SWIFT_COMPILATION_MODE = wholemodule;
				SWIFT_OPTIMIZATION_LEVEL = "-O";
				VALIDATE_PRODUCT = YES;
			};
			name = Release;
		};
		4117A13424ED7FAE00EBAAD2 /* Debug */ = {
			isa = XCBuildConfiguration;
			baseConfigurationReference = 412AE69E4FD2467DF0E23B61 /* Pods-alamofire_test.debug.xcconfig */;
			buildSettings = {
				ASSETCATALOG_COMPILER_APPICON_NAME = AppIcon;
				CODE_SIGN_STYLE = Automatic;
				INFOPLIST_FILE = alamofire_test/Info.plist;
				LD_RUNPATH_SEARCH_PATHS = (
					"$(inherited)",
					"@executable_path/Frameworks",
				);
				PRODUCT_BUNDLE_IDENTIFIER = "com.AliciaMatsumoto.alamofire-test";
				PRODUCT_NAME = "$(TARGET_NAME)";
				SWIFT_VERSION = 5.0;
				TARGETED_DEVICE_FAMILY = "1,2";
			};
			name = Debug;
		};
		4117A13524ED7FAE00EBAAD2 /* Release */ = {
			isa = XCBuildConfiguration;
			baseConfigurationReference = F5ADC93E677B7A35D6E22054 /* Pods-alamofire_test.release.xcconfig */;
			buildSettings = {
				ASSETCATALOG_COMPILER_APPICON_NAME = AppIcon;
				CODE_SIGN_STYLE = Automatic;
				INFOPLIST_FILE = alamofire_test/Info.plist;
				LD_RUNPATH_SEARCH_PATHS = (
					"$(inherited)",
					"@executable_path/Frameworks",
				);
				PRODUCT_BUNDLE_IDENTIFIER = "com.AliciaMatsumoto.alamofire-test";
				PRODUCT_NAME = "$(TARGET_NAME)";
				SWIFT_VERSION = 5.0;
				TARGETED_DEVICE_FAMILY = "1,2";
			};
			name = Release;
		};
		4117A13724ED7FAE00EBAAD2 /* Debug */ = {
			isa = XCBuildConfiguration;
			baseConfigurationReference = 00A8C68DD97690BDADD35021 /* Pods-alamofire_testTests.debug.xcconfig */;
			buildSettings = {
				ALWAYS_EMBED_SWIFT_STANDARD_LIBRARIES = YES;
				BUNDLE_LOADER = "$(TEST_HOST)";
				CODE_SIGN_STYLE = Automatic;
				INFOPLIST_FILE = alamofire_testTests/Info.plist;
				IPHONEOS_DEPLOYMENT_TARGET = 13.6;
				LD_RUNPATH_SEARCH_PATHS = (
					"$(inherited)",
					"@executable_path/Frameworks",
					"@loader_path/Frameworks",
				);
				PRODUCT_BUNDLE_IDENTIFIER = "com.AliciaMatsumoto.alamofire-testTests";
				PRODUCT_NAME = "$(TARGET_NAME)";
				SWIFT_VERSION = 5.0;
				TARGETED_DEVICE_FAMILY = "1,2";
				TEST_HOST = "$(BUILT_PRODUCTS_DIR)/alamofire_test.app/alamofire_test";
			};
			name = Debug;
		};
		4117A13824ED7FAE00EBAAD2 /* Release */ = {
			isa = XCBuildConfiguration;
			baseConfigurationReference = 82C72A3CED171FD6FB21B5FF /* Pods-alamofire_testTests.release.xcconfig */;
			buildSettings = {
				ALWAYS_EMBED_SWIFT_STANDARD_LIBRARIES = YES;
				BUNDLE_LOADER = "$(TEST_HOST)";
				CODE_SIGN_STYLE = Automatic;
				INFOPLIST_FILE = alamofire_testTests/Info.plist;
				IPHONEOS_DEPLOYMENT_TARGET = 13.6;
				LD_RUNPATH_SEARCH_PATHS = (
					"$(inherited)",
					"@executable_path/Frameworks",
					"@loader_path/Frameworks",
				);
				PRODUCT_BUNDLE_IDENTIFIER = "com.AliciaMatsumoto.alamofire-testTests";
				PRODUCT_NAME = "$(TARGET_NAME)";
				SWIFT_VERSION = 5.0;
				TARGETED_DEVICE_FAMILY = "1,2";
				TEST_HOST = "$(BUILT_PRODUCTS_DIR)/alamofire_test.app/alamofire_test";
			};
			name = Release;
		};
/* End XCBuildConfiguration section */

/* Begin XCConfigurationList section */
		4117A10F24ED7FAC00EBAAD2 /* Build configuration list for PBXProject "alamofire_test" */ = {
			isa = XCConfigurationList;
			buildConfigurations = (
				4117A13124ED7FAE00EBAAD2 /* Debug */,
				4117A13224ED7FAE00EBAAD2 /* Release */,
			);
			defaultConfigurationIsVisible = 0;
			defaultConfigurationName = Release;
		};
		4117A13324ED7FAE00EBAAD2 /* Build configuration list for PBXNativeTarget "alamofire_test" */ = {
			isa = XCConfigurationList;
			buildConfigurations = (
				4117A13424ED7FAE00EBAAD2 /* Debug */,
				4117A13524ED7FAE00EBAAD2 /* Release */,
			);
			defaultConfigurationIsVisible = 0;
			defaultConfigurationName = Release;
		};
		4117A13624ED7FAE00EBAAD2 /* Build configuration list for PBXNativeTarget "alamofire_testTests" */ = {
			isa = XCConfigurationList;
			buildConfigurations = (
				4117A13724ED7FAE00EBAAD2 /* Debug */,
				4117A13824ED7FAE00EBAAD2 /* Release */,
			);
			defaultConfigurationIsVisible = 0;
			defaultConfigurationName = Release;
		};
/* End XCConfigurationList section */
	};
	rootObject = 4117A10C24ED7FAC00EBAAD2 /* Project object */;
}
